<?xml version="1.0" encoding="utf-8"?>
<Project ToolsVersion="4.0" xmlns="http://schemas.microsoft.com/developer/msbuild/2003">
  <ItemGroup>
    <Filter Include="源文件">
      <UniqueIdentifier>{4FC737F1-C7A5-4376-A066-2A32D752A2FF}</UniqueIdentifier>
      <Extensions>cpp;c;cc;cxx;c++;cppm;ixx;def;odl;idl;hpj;bat;asm;asmx</Extensions>
    </Filter>
    <Filter Include="头文件">
      <UniqueIdentifier>{93995380-89BD-4b04-88EB-625FBE52EBFB}</UniqueIdentifier>
      <Extensions>h;hh;hpp;hxx;h++;hm;inl;inc;ipp;xsd</Extensions>
    </Filter>
    <Filter Include="资源文件">
      <UniqueIdentifier>{67DA6AB6-F800-4c08-8B7A-83BB121AAD01}</UniqueIdentifier>
      <Extensions>rc;ico;cur;bmp;dlg;rc2;rct;bin;rgs;gif;jpg;jpeg;jpe;resx;tiff;tif;png;wav;mfcribbon-ms</Extensions>
    </Filter>
    <Filter Include="源文件\infrastructure">
      <UniqueIdentifier>{f7b757e5-8f67-4d78-b54e-0120d5bfe632}</UniqueIdentifier>
    </Filter>
    <Filter Include="头文件\types">
      <UniqueIdentifier>{224c9c4d-4ca4-41c0-a3ea-4afa01e47e1e}</UniqueIdentifier>
    </Filter>
    <Filter Include="头文件\types\infrastructure">
      <UniqueIdentifier>{2f5a9070-a49e-4039-9640-0d8fc4489b16}</UniqueIdentifier>
    </Filter>
    <Filter Include="头文件\types\global">
      <UniqueIdentifier>{2b3fc797-8f0c-4f06-a52d-dc043ce3c8f8}</UniqueIdentifier>
    </Filter>
    <Filter Include="头文件\infrastructure">
      <UniqueIdentifier>{23e6d1c8-a7d6-4130-a489-9f7cece755aa}</UniqueIdentifier>
    </Filter>
    <Filter Include="源文件\utils">
      <UniqueIdentifier>{83e37cd5-b075-4ef5-a045-52887b1f29dd}</UniqueIdentifier>
    </Filter>
    <Filter Include="头文件\utils">
      <UniqueIdentifier>{c931e207-123b-4b19-8d76-e7d60a881139}</UniqueIdentifier>
    </Filter>
    <Filter Include="源文件\components">
      <UniqueIdentifier>{e41020f9-b69c-402e-b45e-f348b0de14c2}</UniqueIdentifier>
    </Filter>
    <Filter Include="头文件\components">
      <UniqueIdentifier>{ceb2f53d-7ad1-49d9-bb6c-98f134cb43fc}</UniqueIdentifier>
    </Filter>
    <Filter Include="源文件\middleware">
      <UniqueIdentifier>{281b53a6-bb4c-417b-a91f-882dcbf34072}</UniqueIdentifier>
    </Filter>
    <Filter Include="头文件\middleware">
      <UniqueIdentifier>{ead26772-419a-4e49-8f24-6f5cbaed41cd}</UniqueIdentifier>
    </Filter>
    <Filter Include="头文件\types\middleware">
      <UniqueIdentifier>{12a038bc-b2a8-4812-bda3-ff5ee12ca3b1}</UniqueIdentifier>
    </Filter>
    <Filter Include="头文件\types\config">
      <UniqueIdentifier>{b900e87f-f9c0-4f17-b95f-e7175172513b}</UniqueIdentifier>
    </Filter>
    <Filter Include="源文件\public">
      <UniqueIdentifier>{475e0ac1-ddd7-4239-bc95-e84ed4a54f8a}</UniqueIdentifier>
    </Filter>
    <Filter Include="头文件\public">
      <UniqueIdentifier>{e4a94d7b-d8b5-45fe-83aa-56bb376becd9}</UniqueIdentifier>
    </Filter>
    <Filter Include="头文件\types\components">
      <UniqueIdentifier>{2e51e14a-5661-42bd-bd7d-e937afab2872}</UniqueIdentifier>
    </Filter>
    <Filter Include="头文件\types\constants">
      <UniqueIdentifier>{949d1459-6469-41d7-9111-30035f7dcf9b}</UniqueIdentifier>
    </Filter>
    <Filter Include="源文件\routes">
      <UniqueIdentifier>{406581a2-ebba-4348-852f-9fe0e199b60b}</UniqueIdentifier>
    </Filter>
    <Filter Include="源文件\routes\itc">
      <UniqueIdentifier>{4625cdc1-5bc0-4a9a-986d-77446b2459cb}</UniqueIdentifier>
    </Filter>
    <Filter Include="头文件\routes">
      <UniqueIdentifier>{3e09f228-3a5d-4b77-9672-e906f910496b}</UniqueIdentifier>
    </Filter>
    <Filter Include="头文件\routes\itc">
      <UniqueIdentifier>{50b1d2eb-b2fe-4038-badd-96a298a59981}</UniqueIdentifier>
    </Filter>
    <Filter Include="头文件\public\constants">
      <UniqueIdentifier>{4e3ac316-4d28-4adf-bee6-c31d9ef43b0c}</UniqueIdentifier>
    </Filter>
    <Filter Include="头文件\public\constants\itcCtrl">
      <UniqueIdentifier>{7d4251e8-a56f-4f53-a334-d0b4a2f8a00c}</UniqueIdentifier>
    </Filter>
  </ItemGroup>
  <ItemGroup>
    <ClCompile Include="entrypoint.cpp">
      <Filter>源文件</Filter>
    </ClCompile>
    <ClCompile Include="infrastructure\cliParse.cpp">
      <Filter>源文件\infrastructure</Filter>
    </ClCompile>
    <ClCompile Include="lifecycle.cpp">
      <Filter>源文件</Filter>
    </ClCompile>
    <ClCompile Include="infrastructure\fileSystem.cpp">
      <Filter>源文件\infrastructure</Filter>
    </ClCompile>
    <ClCompile Include="infrastructure\registry.cpp">
      <Filter>源文件\infrastructure</Filter>
    </ClCompile>
    <ClCompile Include="infrastructure\winSvc.cpp">
      <Filter>源文件\infrastructure</Filter>
    </ClCompile>
    <ClCompile Include="utils\sslUtils.cpp">
      <Filter>源文件\utils</Filter>
    </ClCompile>
    <ClCompile Include="components\wsServer.cpp">
      <Filter>源文件\components</Filter>
    </ClCompile>
    <ClCompile Include="middleware\wsAuthHandler.cpp">
      <Filter>源文件\middleware</Filter>
    </ClCompile>
    <ClCompile Include="components\wsMsgHandler.cpp">
      <Filter>源文件\components</Filter>
    </ClCompile>
    <ClCompile Include="components\config.cpp">
      <Filter>源文件\components</Filter>
    </ClCompile>
    <ClCompile Include="utils\lifecycleUtils.cpp">
      <Filter>源文件\utils</Filter>
    </ClCompile>
    <ClCompile Include="pch.cpp">
      <Filter>源文件</Filter>
    </ClCompile>
    <ClCompile Include="components\threadMsgHandlers.cpp">
      <Filter>源文件\components</Filter>
    </ClCompile>
  </ItemGroup>
  <ItemGroup>
    <ClInclude Include="includes\Aikari-Launcher-Private\common.h">
      <Filter>头文件</Filter>
    </ClInclude>
    <ClInclude Include="includes\Aikari-Launcher-Private\types\infrastructure\cliParseTypes.h">
      <Filter>头文件\types\infrastructure</Filter>
    </ClInclude>
    <ClInclude Include="includes\Aikari-Launcher-Private\types\global\lifecycleTypes.h">
      <Filter>头文件\types\global</Filter>
    </ClInclude>
    <ClInclude Include="infrastructure\cliParse.h">
      <Filter>头文件\infrastructure</Filter>
    </ClInclude>
    <ClInclude Include="lifecycle.h">
      <Filter>头文件</Filter>
    </ClInclude>
    <ClInclude Include="infrastructure\fileSystem.h">
      <Filter>头文件\infrastructure</Filter>
    </ClInclude>
    <ClInclude Include="infrastructure\registry.h">
      <Filter>头文件\infrastructure</Filter>
    </ClInclude>
    <ClInclude Include="infrastructure\winSvc.h">
      <Filter>头文件\infrastructure</Filter>
    </ClInclude>
    <ClInclude Include="utils\sslUtils.h">
      <Filter>头文件\utils</Filter>
    </ClInclude>
    <ClInclude Include="components\wsServer.h">
      <Filter>头文件\components</Filter>
    </ClInclude>
    <ClInclude Include="middleware\wsAuthHandler.h">
      <Filter>头文件\middleware</Filter>
    </ClInclude>
    <ClInclude Include="includes\Aikari-Launcher-Private\types\middleware\websocket.h">
      <Filter>头文件\types\middleware</Filter>
    </ClInclude>
    <ClInclude Include="components\wsMsgHandler.h">
      <Filter>头文件\components</Filter>
    </ClInclude>
    <ClInclude Include="resource.h">
      <Filter>头文件</Filter>
    </ClInclude>
    <ClInclude Include="components\config.h">
      <Filter>头文件\components</Filter>
    </ClInclude>
    <ClInclude Include="includes\Aikari-Launcher-Private\types\config\configType.h">
      <Filter>头文件\types\config</Filter>
    </ClInclude>
    <ClInclude Include="includes\Aikari-Launcher-Public\version.h">
      <Filter>头文件\public</Filter>
    </ClInclude>
    <ClInclude Include="utils\lifecycleUtils.h">
      <Filter>头文件\utils</Filter>
    </ClInclude>
    <ClInclude Include="includes\Aikari-Launcher-Private\types\components\wsTypes.h">
      <Filter>头文件\types\components</Filter>
    </ClInclude>
    <ClInclude Include="pch.h">
      <Filter>头文件</Filter>
    </ClInclude>
    <ClInclude Include="components\threadMsgHandlers.h">
      <Filter>头文件\components</Filter>
    </ClInclude>
    <ClInclude Include="includes\Aikari-Launcher-Private\types\constants\webSocket.h">
      <Filter>头文件\types\constants</Filter>
    </ClInclude>
    <ClInclude Include="routes\itc\network.h">
      <Filter>头文件\routes\itc</Filter>
    </ClInclude>
    <ClInclude Include="includes\Aikari-Launcher-Public\constants\itcCtrl\network.h">
      <Filter>头文件\public\constants\itcCtrl</Filter>
    </ClInclude>
  </ItemGroup>
  <ItemGroup>
    <None Include="resources\default.json" />
  </ItemGroup>
  <ItemGroup>
    <ResourceCompile Include="Aikari-Launcher.rc">
      <Filter>资源文件</Filter>
    </ResourceCompile>
  </ItemGroup>
</Project>