<?xml version="1.0" encoding="utf-8"?>
<Project ToolsVersion="4.0" xmlns="http://schemas.microsoft.com/developer/msbuild/2003">
  <ItemGroup>
    <Filter Include="源文件">
      <UniqueIdentifier>{4FC737F1-C7A5-4376-A066-2A32D752A2FF}</UniqueIdentifier>
      <Extensions>cpp;c;cc;cxx;c++;cppm;ixx;def;odl;idl;hpj;bat;asm;asmx</Extensions>
    </Filter>
    <Filter Include="头文件">
      <UniqueIdentifier>{93995380-89BD-4b04-88EB-625FBE52EBFB}</UniqueIdentifier>
      <Extensions>h;hh;hpp;hxx;h++;hm;inl;inc;ipp;xsd</Extensions>
    </Filter>
    <Filter Include="资源文件">
      <UniqueIdentifier>{67DA6AB6-F800-4c08-8B7A-83BB121AAD01}</UniqueIdentifier>
      <Extensions>rc;ico;cur;bmp;dlg;rc2;rct;bin;rgs;gif;jpg;jpeg;jpe;resx;tiff;tif;png;wav;mfcribbon-ms</Extensions>
    </Filter>
    <Filter Include="源文件\virtual">
      <UniqueIdentifier>{0015b6dd-689f-42bc-89dd-5d5de5345bd3}</UniqueIdentifier>
    </Filter>
    <Filter Include="头文件\virtual">
      <UniqueIdentifier>{a9582965-0e9c-4601-9a4c-500781e0b150}</UniqueIdentifier>
    </Filter>
    <Filter Include="头文件\infrastructure">
      <UniqueIdentifier>{194bdb4e-5e7f-4ac8-8412-f92e86996a58}</UniqueIdentifier>
    </Filter>
    <Filter Include="源文件\utils">
      <UniqueIdentifier>{0defa556-a519-4e01-9cba-98a427eb5a07}</UniqueIdentifier>
    </Filter>
    <Filter Include="头文件\utils">
      <UniqueIdentifier>{c5cef6d0-37f2-4216-82b5-881a657fe040}</UniqueIdentifier>
    </Filter>
    <Filter Include="源文件\infrastructure">
      <UniqueIdentifier>{134687fe-41c1-4b87-b9b2-e49ca814f11d}</UniqueIdentifier>
    </Filter>
    <Filter Include="源文件\base">
      <UniqueIdentifier>{1d5fe306-05ae-4170-87e5-0bfa5c2925b6}</UniqueIdentifier>
    </Filter>
    <Filter Include="头文件\base">
      <UniqueIdentifier>{17a9cd86-2827-4e19-9bd6-8a320f85a50e}</UniqueIdentifier>
    </Filter>
    <Filter Include="头文件\types">
      <UniqueIdentifier>{a938bdc5-2984-4354-bebc-2c7db1ae5a58}</UniqueIdentifier>
    </Filter>
  </ItemGroup>
  <ItemGroup>
    <ClInclude Include="framework.h">
      <Filter>头文件</Filter>
    </ClInclude>
    <ClInclude Include="pch.h">
      <Filter>头文件</Filter>
    </ClInclude>
    <ClInclude Include="includes\Aikari-Shared\virtual\IConfigManager.h">
      <Filter>头文件\virtual</Filter>
    </ClInclude>
    <ClInclude Include="includes\Aikari-Shared\infrastructure\loggerMacro.h">
      <Filter>头文件\infrastructure</Filter>
    </ClInclude>
    <ClInclude Include="includes\Aikari-Shared\virtual\IConfigPayload.h">
      <Filter>头文件\virtual</Filter>
    </ClInclude>
    <ClInclude Include="includes\Aikari-Shared\infrastructure\MessageQueue.hpp">
      <Filter>头文件\infrastructure</Filter>
    </ClInclude>
    <ClInclude Include="includes\Aikari-Shared\utils\registry.h">
      <Filter>头文件\utils</Filter>
    </ClInclude>
    <ClInclude Include="includes\Aikari-Shared\utils\string.h">
      <Filter>头文件\utils</Filter>
    </ClInclude>
    <ClInclude Include="includes\Aikari-Shared\infrastructure\logger.h">
      <Filter>头文件\infrastructure</Filter>
    </ClInclude>
    <ClInclude Include="includes\Aikari-Shared\base\SingleIns.hpp">
      <Filter>头文件\base</Filter>
    </ClInclude>
    <ClInclude Include="..\Aikari-PLS\includes\Aikari-PLS-Private\types\lifecycleTypes.h">
      <Filter>头文件\types</Filter>
    </ClInclude>
  </ItemGroup>
  <ItemGroup>
    <ClCompile Include="Aikari-Shared.cpp">
      <Filter>源文件</Filter>
    </ClCompile>
    <ClCompile Include="pch.cpp">
      <Filter>源文件</Filter>
    </ClCompile>
    <ClCompile Include="virtual\IConfigManager.cpp">
      <Filter>源文件\virtual</Filter>
    </ClCompile>
    <ClCompile Include="utils\string.cpp">
      <Filter>源文件\utils</Filter>
    </ClCompile>
    <ClCompile Include="utils\registry.cpp">
      <Filter>源文件\utils</Filter>
    </ClCompile>
    <ClCompile Include="infrastructure\logger.cpp">
      <Filter>源文件\infrastructure</Filter>
    </ClCompile>
  </ItemGroup>
  <ItemGroup>
    <None Include="vcpkg.json">
      <Filter>资源文件</Filter>
    </None>
    <None Include="vcpkg-configuration.json">
      <Filter>资源文件</Filter>
    </None>
  </ItemGroup>
</Project>