<?xml version="1.0" encoding="utf-8"?>
<Project ToolsVersion="4.0" xmlns="http://schemas.microsoft.com/developer/msbuild/2003">
  <ItemGroup>
    <Filter Include="源文件">
      <UniqueIdentifier>{4FC737F1-C7A5-4376-A066-2A32D752A2FF}</UniqueIdentifier>
      <Extensions>cpp;c;cc;cxx;c++;cppm;ixx;def;odl;idl;hpj;bat;asm;asmx</Extensions>
    </Filter>
    <Filter Include="头文件">
      <UniqueIdentifier>{93995380-89BD-4b04-88EB-625FBE52EBFB}</UniqueIdentifier>
      <Extensions>h;hh;hpp;hxx;h++;hm;inl;inc;ipp;xsd</Extensions>
    </Filter>
    <Filter Include="资源文件">
      <UniqueIdentifier>{67DA6AB6-F800-4c08-8B7A-83BB121AAD01}</UniqueIdentifier>
      <Extensions>rc;ico;cur;bmp;dlg;rc2;rct;bin;rgs;gif;jpg;jpeg;jpe;resx;tiff;tif;png;wav;mfcribbon-ms</Extensions>
    </Filter>
    <Filter Include="头文件\types">
      <UniqueIdentifier>{ae1c5c6c-c3db-48f3-9bce-7d1f60ec4e45}</UniqueIdentifier>
    </Filter>
    <Filter Include="头文件\types\infrastructure">
      <UniqueIdentifier>{7f16c1ca-e1a1-40a4-955c-05c5e1159f4c}</UniqueIdentifier>
    </Filter>
    <Filter Include="源文件\infrastructure">
      <UniqueIdentifier>{506c9a76-22f5-41ac-815c-cd4ab1b35898}</UniqueIdentifier>
    </Filter>
    <Filter Include="头文件\infrastructure">
      <UniqueIdentifier>{faf961da-3193-43a8-b187-b91af1682ba6}</UniqueIdentifier>
    </Filter>
    <Filter Include="源文件\utils">
      <UniqueIdentifier>{f5283abf-401d-4e84-9c91-73cc1aa59cfa}</UniqueIdentifier>
    </Filter>
    <Filter Include="头文件\utils">
      <UniqueIdentifier>{b37daf39-63bf-4c5a-9972-17ad4c624783}</UniqueIdentifier>
    </Filter>
    <Filter Include="头文件\types\constants">
      <UniqueIdentifier>{907473c2-8565-47c9-bbe7-b0d865452c34}</UniqueIdentifier>
    </Filter>
  </ItemGroup>
  <ItemGroup>
    <None Include="cpp.hint" />
  </ItemGroup>
  <ItemGroup>
    <ClInclude Include="framework.h">
      <Filter>头文件</Filter>
    </ClInclude>
    <ClInclude Include="pch.h">
      <Filter>头文件</Filter>
    </ClInclude>
    <ClInclude Include="includes\Aikari-PLS\types\entrypoint.h">
      <Filter>头文件\types</Filter>
    </ClInclude>
    <ClInclude Include="includes\Aikari-PLS\Aikari-PLS-Exports.h">
      <Filter>头文件</Filter>
    </ClInclude>
    <ClInclude Include="infrastructure\threadMsgHandler.h">
      <Filter>头文件\infrastructure</Filter>
    </ClInclude>
    <ClInclude Include="lifecycle.h">
      <Filter>头文件</Filter>
    </ClInclude>
    <ClInclude Include="utils\windowsApi.h">
      <Filter>头文件\utils</Filter>
    </ClInclude>
    <ClInclude Include="init.h">
      <Filter>头文件</Filter>
    </ClInclude>
    <ClInclude Include="includes\Aikari-PLS-Private\types\lifecycleTypes.h">
      <Filter>头文件\types</Filter>
    </ClInclude>
    <ClInclude Include="includes\Aikari-PLS\types\constants\msgQueue.h">
      <Filter>头文件\types\constants</Filter>
    </ClInclude>
    <ClInclude Include="includes\Aikari-PLS\types\constants\init.h">
      <Filter>头文件\types\constants</Filter>
    </ClInclude>
  </ItemGroup>
  <ItemGroup>
    <ClCompile Include="dllmain.cpp">
      <Filter>源文件</Filter>
    </ClCompile>
    <ClCompile Include="pch.cpp">
      <Filter>源文件</Filter>
    </ClCompile>
    <ClCompile Include="entrypoint.cpp">
      <Filter>源文件</Filter>
    </ClCompile>
    <ClCompile Include="infrastructure\threadMsgHandler.cpp">
      <Filter>源文件\infrastructure</Filter>
    </ClCompile>
    <ClCompile Include="utils\windowsApi.cpp">
      <Filter>源文件\utils</Filter>
    </ClCompile>
    <ClCompile Include="init.cpp">
      <Filter>源文件</Filter>
    </ClCompile>
    <ClCompile Include="lifecycle.cpp">
      <Filter>源文件</Filter>
    </ClCompile>
  </ItemGroup>
</Project>